
Microsoft Visual Studio Solution File, Format Version 12.00
# Visual Studio Version 17
VisualStudioVersion = 17.10.35027.167
MinimumVisualStudioVersion = 10.0.40219.1
Project("{9A19103F-16F7-4668-BE54-9A1E7A4F7556}") = "Battlevest", "Battlevest\Battlevest.csproj", "{5E9CFB6A-E7CF-4A02-A433-B43B3AC0821F}"
EndProject
Project("{9A19103F-16F7-4668-BE54-9A1E7A4F7556}") = "ECommons", "ECommons\ECommons\ECommons.csproj", "{A977702F-0069-4760-8767-2887D04B273C}"
EndProject
Project("{9A19103F-16F7-4668-BE54-9A1E7A4F7556}") = "NightmareUI", "NightmareUI\NightmareUI\NightmareUI.csproj", "{E6E2818D-E146-4B02-9368-D2E0C167DD74}"
EndProject
Global
	GlobalSection(SolutionConfigurationPlatforms) = preSolution
		Debug|Any CPU = Debug|Any CPU
		Debug|x64 = Debug|x64
		Release|Any CPU = Release|Any CPU
		Release|x64 = Release|x64
	EndGlobalSection
	GlobalSection(ProjectConfigurationPlatforms) = postSolution
		{5E9CFB6A-E7CF-4A02-A433-B43B3AC0821F}.Debug|Any CPU.ActiveCfg = Debug|x64
		{5E9CFB6A-E7CF-4A02-A433-B43B3AC0821F}.Debug|Any CPU.Build.0 = Debug|x64
		{5E9CFB6A-E7CF-4A02-A433-B43B3AC0821F}.Debug|x64.ActiveCfg = Debug|x64
		{5E9CFB6A-E7CF-4A02-A433-B43B3AC0821F}.Debug|x64.Build.0 = Debug|x64
		{5E9CFB6A-E7CF-4A02-A433-B43B3AC0821F}.Release|Any CPU.ActiveCfg = Release|x64
		{5E9CFB6A-E7CF-4A02-A433-B43B3AC0821F}.Release|Any CPU.Build.0 = Release|x64
		{5E9CFB6A-E7CF-4A02-A433-B43B3AC0821F}.Release|x64.ActiveCfg = Release|x64
		{5E9CFB6A-E7CF-4A02-A433-B43B3AC0821F}.Release|x64.Build.0 = Release|x64
		{A977702F-0069-4760-8767-2887D04B273C}.Debug|Any CPU.ActiveCfg = Debug|x64
		{A977702F-0069-4760-8767-2887D04B273C}.Debug|Any CPU.Build.0 = Debug|x64
		{A977702F-0069-4760-8767-2887D04B273C}.Debug|x64.ActiveCfg = Debug|x64
		{A977702F-0069-4760-8767-2887D04B273C}.Debug|x64.Build.0 = Debug|x64
		{A977702F-0069-4760-8767-2887D04B273C}.Release|Any CPU.ActiveCfg = Release|x64
		{A977702F-0069-4760-8767-2887D04B273C}.Release|Any CPU.Build.0 = Release|x64
		{A977702F-0069-4760-8767-2887D04B273C}.Release|x64.ActiveCfg = Release|x64
		{A977702F-0069-4760-8767-2887D04B273C}.Release|x64.Build.0 = Release|x64
		{E6E2818D-E146-4B02-9368-D2E0C167DD74}.Debug|Any CPU.ActiveCfg = Debug|x64
		{E6E2818D-E146-4B02-9368-D2E0C167DD74}.Debug|Any CPU.Build.0 = Debug|x64
		{E6E2818D-E146-4B02-9368-D2E0C167DD74}.Debug|x64.ActiveCfg = Debug|x64
		{E6E2818D-E146-4B02-9368-D2E0C167DD74}.Debug|x64.Build.0 = Debug|x64
		{E6E2818D-E146-4B02-9368-D2E0C167DD74}.Release|Any CPU.ActiveCfg = Release|x64
		{E6E2818D-E146-4B02-9368-D2E0C167DD74}.Release|Any CPU.Build.0 = Release|x64
		{E6E2818D-E146-4B02-9368-D2E0C167DD74}.Release|x64.ActiveCfg = Release|x64
		{E6E2818D-E146-4B02-9368-D2E0C167DD74}.Release|x64.Build.0 = Release|x64
	EndGlobalSection
	GlobalSection(SolutionProperties) = preSolution
		HideSolutionNode = FALSE
	EndGlobalSection
	GlobalSection(ExtensibilityGlobals) = postSolution
		SolutionGuid = {35B54325-8204-4D26-99F1-7D50DA6AD2B7}
	EndGlobalSection
EndGlobal
